// !$*UTF8*$!
{
	archiveVersion = 1;
	classes = {
	};
	objectVersion = 46;
	objects = {

/* Begin PBXBuildFile section */
		680B84E61CACEE9D00309A33 /* MeHeadTCell.swift in Sources */ = {isa = PBXBuildFile; fileRef = 680B84E41CACEE9D00309A33 /* MeHeadTCell.swift */; };
		680B84E71CACEE9D00309A33 /* MeHeadTCell.xib in Resources */ = {isa = PBXBuildFile; fileRef = 680B84E51CACEE9D00309A33 /* MeHeadTCell.xib */; };
		680B84E91CACF6DF00309A33 /* PersonalInfoVc.swift in Sources */ = {isa = PBXBuildFile; fileRef = 680B84E81CACF6DF00309A33 /* PersonalInfoVc.swift */; };
		6823DE8C1CAB656800CC6572 /* MessageVc.swift in Sources */ = {isa = PBXBuildFile; fileRef = 6823DE8B1CAB656800CC6572 /* MessageVc.swift */; };
		6823DE8E1CAB658100CC6572 /* ContactVc.swift in Sources */ = {isa = PBXBuildFile; fileRef = 6823DE8D1CAB658100CC6572 /* ContactVc.swift */; };
		6823DE901CAB659300CC6572 /* DiscoveryVc.swift in Sources */ = {isa = PBXBuildFile; fileRef = 6823DE8F1CAB659300CC6572 /* DiscoveryVc.swift */; };
		6823DE921CAB659D00CC6572 /* MeVc.swift in Sources */ = {isa = PBXBuildFile; fileRef = 6823DE911CAB659D00CC6572 /* MeVc.swift */; };
		6823DE941CAB6F8E00CC6572 /* Message.storyboard in Resources */ = {isa = PBXBuildFile; fileRef = 6823DE931CAB6F8E00CC6572 /* Message.storyboard */; };
		6823DE961CAB6FA300CC6572 /* Contact.storyboard in Resources */ = {isa = PBXBuildFile; fileRef = 6823DE951CAB6FA300CC6572 /* Contact.storyboard */; };
		6823DE981CAB6FB000CC6572 /* Discovery.storyboard in Resources */ = {isa = PBXBuildFile; fileRef = 6823DE971CAB6FB000CC6572 /* Discovery.storyboard */; };
		6823DE9A1CAB6FB900CC6572 /* Me.storyboard in Resources */ = {isa = PBXBuildFile; fileRef = 6823DE991CAB6FB900CC6572 /* Me.storyboard */; };
		6839B0571CAE52020021DEFF /* FirstLunchVc.swift in Sources */ = {isa = PBXBuildFile; fileRef = 6839B0561CAE52020021DEFF /* FirstLunchVc.swift */; };
		6839B0591CAE52120021DEFF /* SignIn.storyboard in Resources */ = {isa = PBXBuildFile; fileRef = 6839B0581CAE52120021DEFF /* SignIn.storyboard */; };
		685DDFA91CABA8FB00FED49A /* DiscoveryVcTCell.swift in Sources */ = {isa = PBXBuildFile; fileRef = 685DDFA71CABA8FB00FED49A /* DiscoveryVcTCell.swift */; };
		685DDFAA1CABA8FB00FED49A /* DiscoveryVcTCell.xib in Resources */ = {isa = PBXBuildFile; fileRef = 685DDFA81CABA8FB00FED49A /* DiscoveryVcTCell.xib */; };
		685DDFAC1CABB61600FED49A /* TimelineVc.swift in Sources */ = {isa = PBXBuildFile; fileRef = 685DDFAB1CABB61600FED49A /* TimelineVc.swift */; };
		685DDFAE1CABD41100FED49A /* TimelineMoreButton.swift in Sources */ = {isa = PBXBuildFile; fileRef = 685DDFAD1CABD41100FED49A /* TimelineMoreButton.swift */; };
		6862A9161C98F1B000DE91B6 /* AppDelegate.swift in Sources */ = {isa = PBXBuildFile; fileRef = 6862A9101C98F1B000DE91B6 /* AppDelegate.swift */; };
		6862A9171C98F1B000DE91B6 /* Assets.xcassets in Resources */ = {isa = PBXBuildFile; fileRef = 6862A9111C98F1B000DE91B6 /* Assets.xcassets */; };
		6862A91A1C98F1B000DE91B6 /* Main.storyboard in Resources */ = {isa = PBXBuildFile; fileRef = 6862A9141C98F1B000DE91B6 /* Main.storyboard */; };
		6862A91B1C98F1B000DE91B6 /* ViewController.swift in Sources */ = {isa = PBXBuildFile; fileRef = 6862A9151C98F1B000DE91B6 /* ViewController.swift */; };
		6862A93D1C98F36000DE91B6 /* TabBarController.swift in Sources */ = {isa = PBXBuildFile; fileRef = 6862A93C1C98F36000DE91B6 /* TabBarController.swift */; };
		6862A93F1C98F37200DE91B6 /* NavigationController.swift in Sources */ = {isa = PBXBuildFile; fileRef = 6862A93E1C98F37200DE91B6 /* NavigationController.swift */; };
/* End PBXBuildFile section */

/* Begin PBXFileReference section */
		680B84E41CACEE9D00309A33 /* MeHeadTCell.swift */ = {isa = PBXFileReference; fileEncoding = 4; lastKnownFileType = sourcecode.swift; path = MeHeadTCell.swift; sourceTree = "<group>"; };
		680B84E51CACEE9D00309A33 /* MeHeadTCell.xib */ = {isa = PBXFileReference; fileEncoding = 4; lastKnownFileType = file.xib; path = MeHeadTCell.xib; sourceTree = "<group>"; };
		680B84E81CACF6DF00309A33 /* PersonalInfoVc.swift */ = {isa = PBXFileReference; fileEncoding = 4; lastKnownFileType = sourcecode.swift; path = PersonalInfoVc.swift; sourceTree = "<group>"; };
		6823DE8B1CAB656800CC6572 /* MessageVc.swift */ = {isa = PBXFileReference; fileEncoding = 4; lastKnownFileType = sourcecode.swift; path = MessageVc.swift; sourceTree = "<group>"; };
		6823DE8D1CAB658100CC6572 /* ContactVc.swift */ = {isa = PBXFileReference; fileEncoding = 4; lastKnownFileType = sourcecode.swift; path = ContactVc.swift; sourceTree = "<group>"; };
		6823DE8F1CAB659300CC6572 /* DiscoveryVc.swift */ = {isa = PBXFileReference; fileEncoding = 4; lastKnownFileType = sourcecode.swift; path = DiscoveryVc.swift; sourceTree = "<group>"; };
		6823DE911CAB659D00CC6572 /* MeVc.swift */ = {isa = PBXFileReference; fileEncoding = 4; lastKnownFileType = sourcecode.swift; path = MeVc.swift; sourceTree = "<group>"; };
		6823DE931CAB6F8E00CC6572 /* Message.storyboard */ = {isa = PBXFileReference; fileEncoding = 4; lastKnownFileType = file.storyboard; path = Message.storyboard; sourceTree = "<group>"; };
		6823DE951CAB6FA300CC6572 /* Contact.storyboard */ = {isa = PBXFileReference; fileEncoding = 4; lastKnownFileType = file.storyboard; path = Contact.storyboard; sourceTree = "<group>"; };
		6823DE971CAB6FB000CC6572 /* Discovery.storyboard */ = {isa = PBXFileReference; fileEncoding = 4; lastKnownFileType = file.storyboard; path = Discovery.storyboard; sourceTree = "<group>"; };
		6823DE991CAB6FB900CC6572 /* Me.storyboard */ = {isa = PBXFileReference; fileEncoding = 4; lastKnownFileType = file.storyboard; path = Me.storyboard; sourceTree = "<group>"; };
		6839B0561CAE52020021DEFF /* FirstLunchVc.swift */ = {isa = PBXFileReference; fileEncoding = 4; lastKnownFileType = sourcecode.swift; path = FirstLunchVc.swift; sourceTree = "<group>"; };
		6839B0581CAE52120021DEFF /* SignIn.storyboard */ = {isa = PBXFileReference; fileEncoding = 4; lastKnownFileType = file.storyboard; path = SignIn.storyboard; sourceTree = "<group>"; };
		685DDFA71CABA8FB00FED49A /* DiscoveryVcTCell.swift */ = {isa = PBXFileReference; fileEncoding = 4; lastKnownFileType = sourcecode.swift; path = DiscoveryVcTCell.swift; sourceTree = "<group>"; };
		685DDFA81CABA8FB00FED49A /* DiscoveryVcTCell.xib */ = {isa = PBXFileReference; fileEncoding = 4; lastKnownFileType = file.xib; path = DiscoveryVcTCell.xib; sourceTree = "<group>"; };
		685DDFAB1CABB61600FED49A /* TimelineVc.swift */ = {isa = PBXFileReference; fileEncoding = 4; lastKnownFileType = sourcecode.swift; path = TimelineVc.swift; sourceTree = "<group>"; };
		685DDFAD1CABD41100FED49A /* TimelineMoreButton.swift */ = {isa = PBXFileReference; fileEncoding = 4; lastKnownFileType = sourcecode.swift; path = TimelineMoreButton.swift; sourceTree = "<group>"; };
		6862A8FA1C98F16700DE91B6 /* TCWeChat.app */ = {isa = PBXFileReference; explicitFileType = wrapper.application; includeInIndex = 0; path = TCWeChat.app; sourceTree = BUILT_PRODUCTS_DIR; };
		6862A9101C98F1B000DE91B6 /* AppDelegate.swift */ = {isa = PBXFileReference; fileEncoding = 4; lastKnownFileType = sourcecode.swift; path = AppDelegate.swift; sourceTree = "<group>"; };
		6862A9111C98F1B000DE91B6 /* Assets.xcassets */ = {isa = PBXFileReference; lastKnownFileType = folder.assetcatalog; path = Assets.xcassets; sourceTree = "<group>"; };
		6862A9121C98F1B000DE91B6 /* Info.plist */ = {isa = PBXFileReference; fileEncoding = 4; lastKnownFileType = text.plist.xml; path = Info.plist; sourceTree = "<group>"; };
		6862A9141C98F1B000DE91B6 /* Main.storyboard */ = {isa = PBXFileReference; fileEncoding = 4; lastKnownFileType = file.storyboard; path = Main.storyboard; sourceTree = "<group>"; };
		6862A9151C98F1B000DE91B6 /* ViewController.swift */ = {isa = PBXFileReference; fileEncoding = 4; lastKnownFileType = sourcecode.swift; path = ViewController.swift; sourceTree = "<group>"; };
		6862A93C1C98F36000DE91B6 /* TabBarController.swift */ = {isa = PBXFileReference; fileEncoding = 4; lastKnownFileType = sourcecode.swift; path = TabBarController.swift; sourceTree = "<group>"; };
		6862A93E1C98F37200DE91B6 /* NavigationController.swift */ = {isa = PBXFileReference; fileEncoding = 4; lastKnownFileType = sourcecode.swift; path = NavigationController.swift; sourceTree = "<group>"; };
/* End PBXFileReference section */

/* Begin PBXFrameworksBuildPhase section */
		6862A8F71C98F16700DE91B6 /* Frameworks */ = {
			isa = PBXFrameworksBuildPhase;
			buildActionMask = 2147483647;
			files = (
			);
			runOnlyForDeploymentPostprocessing = 0;
		};
/* End PBXFrameworksBuildPhase section */

/* Begin PBXGroup section */
		6839B0521CAE51D00021DEFF /* SignIn */ = {
			isa = PBXGroup;
			children = (
				6839B0531CAE51D00021DEFF /* Controller */,
				6839B0541CAE51D00021DEFF /* Model */,
				6839B0551CAE51D00021DEFF /* View */,
			);
			path = SignIn;
			sourceTree = "<group>";
		};
		6839B0531CAE51D00021DEFF /* Controller */ = {
			isa = PBXGroup;
			children = (
				6839B0561CAE52020021DEFF /* FirstLunchVc.swift */,
			);
			path = Controller;
			sourceTree = "<group>";
		};
		6839B0541CAE51D00021DEFF /* Model */ = {
			isa = PBXGroup;
			children = (
			);
			path = Model;
			sourceTree = "<group>";
		};
		6839B0551CAE51D00021DEFF /* View */ = {
			isa = PBXGroup;
			children = (
				6839B0581CAE52120021DEFF /* SignIn.storyboard */,
			);
			path = View;
			sourceTree = "<group>";
		};
		6862A8F11C98F16700DE91B6 = {
			isa = PBXGroup;
			children = (
				6862A8FC1C98F16700DE91B6 /* TCWeChat */,
				6862A8FB1C98F16700DE91B6 /* Products */,
			);
			sourceTree = "<group>";
		};
		6862A8FB1C98F16700DE91B6 /* Products */ = {
			isa = PBXGroup;
			children = (
				6862A8FA1C98F16700DE91B6 /* TCWeChat.app */,
			);
			name = Products;
			sourceTree = "<group>";
		};
		6862A8FC1C98F16700DE91B6 /* TCWeChat */ = {
			isa = PBXGroup;
			children = (
				6862A90F1C98F1B000DE91B6 /* Main */,
				6839B0521CAE51D00021DEFF /* SignIn */,
				6862A9381C98F32F00DE91B6 /* Message */,
				6862A92C1C98F32F00DE91B6 /* Contact */,
				6862A9301C98F32F00DE91B6 /* Discovery */,
				6862A9341C98F32F00DE91B6 /* Me */,
			);
			path = TCWeChat;
			sourceTree = "<group>";
		};
		6862A90F1C98F1B000DE91B6 /* Main */ = {
			isa = PBXGroup;
			children = (
				6862A9101C98F1B000DE91B6 /* AppDelegate.swift */,
				6862A9111C98F1B000DE91B6 /* Assets.xcassets */,
				6862A9121C98F1B000DE91B6 /* Info.plist */,
				6862A9141C98F1B000DE91B6 /* Main.storyboard */,
				6862A9151C98F1B000DE91B6 /* ViewController.swift */,
				6862A93E1C98F37200DE91B6 /* NavigationController.swift */,
				6862A93C1C98F36000DE91B6 /* TabBarController.swift */,
			);
			path = Main;
			sourceTree = "<group>";
		};
		6862A92C1C98F32F00DE91B6 /* Contact */ = {
			isa = PBXGroup;
			children = (
				6862A92D1C98F32F00DE91B6 /* Controller */,
				6862A92E1C98F32F00DE91B6 /* Model */,
				6862A92F1C98F32F00DE91B6 /* View */,
			);
			path = Contact;
			sourceTree = "<group>";
		};
		6862A92D1C98F32F00DE91B6 /* Controller */ = {
			isa = PBXGroup;
			children = (
				6823DE8D1CAB658100CC6572 /* ContactVc.swift */,
			);
			path = Controller;
			sourceTree = "<group>";
		};
		6862A92E1C98F32F00DE91B6 /* Model */ = {
			isa = PBXGroup;
			children = (
			);
			path = Model;
			sourceTree = "<group>";
		};
		6862A92F1C98F32F00DE91B6 /* View */ = {
			isa = PBXGroup;
			children = (
				6823DE951CAB6FA300CC6572 /* Contact.storyboard */,
			);
			path = View;
			sourceTree = "<group>";
		};
		6862A9301C98F32F00DE91B6 /* Discovery */ = {
			isa = PBXGroup;
			children = (
				6862A9311C98F32F00DE91B6 /* Controller */,
				6862A9321C98F32F00DE91B6 /* Model */,
				6862A9331C98F32F00DE91B6 /* View */,
			);
			path = Discovery;
			sourceTree = "<group>";
		};
		6862A9311C98F32F00DE91B6 /* Controller */ = {
			isa = PBXGroup;
			children = (
				6823DE8F1CAB659300CC6572 /* DiscoveryVc.swift */,
				685DDFAB1CABB61600FED49A /* TimelineVc.swift */,
			);
			path = Controller;
			sourceTree = "<group>";
		};
		6862A9321C98F32F00DE91B6 /* Model */ = {
			isa = PBXGroup;
			children = (
			);
			path = Model;
			sourceTree = "<group>";
		};
		6862A9331C98F32F00DE91B6 /* View */ = {
			isa = PBXGroup;
			children = (
				6823DE971CAB6FB000CC6572 /* Discovery.storyboard */,
				685DDFA71CABA8FB00FED49A /* DiscoveryVcTCell.swift */,
				685DDFA81CABA8FB00FED49A /* DiscoveryVcTCell.xib */,
				685DDFAD1CABD41100FED49A /* TimelineMoreButton.swift */,
			);
			path = View;
			sourceTree = "<group>";
		};
		6862A9341C98F32F00DE91B6 /* Me */ = {
			isa = PBXGroup;
			children = (
				6862A9351C98F32F00DE91B6 /* Controller */,
				6862A9361C98F32F00DE91B6 /* Model */,
				6862A9371C98F32F00DE91B6 /* View */,
			);
			path = Me;
			sourceTree = "<group>";
		};
		6862A9351C98F32F00DE91B6 /* Controller */ = {
			isa = PBXGroup;
			children = (
				6823DE911CAB659D00CC6572 /* MeVc.swift */,
				680B84E81CACF6DF00309A33 /* PersonalInfoVc.swift */,
			);
			path = Controller;
			sourceTree = "<group>";
		};
		6862A9361C98F32F00DE91B6 /* Model */ = {
			isa = PBXGroup;
			children = (
			);
			path = Model;
			sourceTree = "<group>";
		};
		6862A9371C98F32F00DE91B6 /* View */ = {
			isa = PBXGroup;
			children = (
				6823DE991CAB6FB900CC6572 /* Me.storyboard */,
				680B84E41CACEE9D00309A33 /* MeHeadTCell.swift */,
				680B84E51CACEE9D00309A33 /* MeHeadTCell.xib */,
			);
			path = View;
			sourceTree = "<group>";
		};
		6862A9381C98F32F00DE91B6 /* Message */ = {
			isa = PBXGroup;
			children = (
				6862A9391C98F32F00DE91B6 /* Controller */,
				6862A93A1C98F32F00DE91B6 /* Model */,
				6862A93B1C98F32F00DE91B6 /* View */,
			);
			path = Message;
			sourceTree = "<group>";
		};
		6862A9391C98F32F00DE91B6 /* Controller */ = {
			isa = PBXGroup;
			children = (
				6823DE8B1CAB656800CC6572 /* MessageVc.swift */,
			);
			path = Controller;
			sourceTree = "<group>";
		};
		6862A93A1C98F32F00DE91B6 /* Model */ = {
			isa = PBXGroup;
			children = (
			);
			path = Model;
			sourceTree = "<group>";
		};
		6862A93B1C98F32F00DE91B6 /* View */ = {
			isa = PBXGroup;
			children = (
				6823DE931CAB6F8E00CC6572 /* Message.storyboard */,
			);
			path = View;
			sourceTree = "<group>";
		};
/* End PBXGroup section */

/* Begin PBXNativeTarget section */
		6862A8F91C98F16700DE91B6 /* TCWeChat */ = {
			isa = PBXNativeTarget;
			buildConfigurationList = 6862A90C1C98F16700DE91B6 /* Build configuration list for PBXNativeTarget "TCWeChat" */;
			buildPhases = (
				6862A8F61C98F16700DE91B6 /* Sources */,
				6862A8F71C98F16700DE91B6 /* Frameworks */,
				6862A8F81C98F16700DE91B6 /* Resources */,
			);
			buildRules = (
			);
			dependencies = (
			);
			name = TCWeChat;
			productName = TCWeChat;
			productReference = 6862A8FA1C98F16700DE91B6 /* TCWeChat.app */;
			productType = "com.apple.product-type.application";
		};
/* End PBXNativeTarget section */

/* Begin PBXProject section */
		6862A8F21C98F16700DE91B6 /* Project object */ = {
			isa = PBXProject;
			attributes = {
				LastSwiftUpdateCheck = 0720;
				LastUpgradeCheck = 0720;
				ORGANIZATIONNAME = ctc;
				TargetAttributes = {
					6862A8F91C98F16700DE91B6 = {
						CreatedOnToolsVersion = 7.2.1;
					};
				};
			};
			buildConfigurationList = 6862A8F51C98F16700DE91B6 /* Build configuration list for PBXProject "TCWeChat" */;
			compatibilityVersion = "Xcode 3.2";
			developmentRegion = English;
			hasScannedForEncodings = 0;
			knownRegions = (
				en,
				Base,
			);
			mainGroup = 6862A8F11C98F16700DE91B6;
			productRefGroup = 6862A8FB1C98F16700DE91B6 /* Products */;
			projectDirPath = "";
			projectRoot = "";
			targets = (
				6862A8F91C98F16700DE91B6 /* TCWeChat */,
			);
		};
/* End PBXProject section */

/* Begin PBXResourcesBuildPhase section */
		6862A8F81C98F16700DE91B6 /* Resources */ = {
			isa = PBXResourcesBuildPhase;
			buildActionMask = 2147483647;
			files = (
				680B84E71CACEE9D00309A33 /* MeHeadTCell.xib in Resources */,
				6823DE981CAB6FB000CC6572 /* Discovery.storyboard in Resources */,
				685DDFAA1CABA8FB00FED49A /* DiscoveryVcTCell.xib in Resources */,
				6862A9171C98F1B000DE91B6 /* Assets.xcassets in Resources */,
				6839B0591CAE52120021DEFF /* SignIn.storyboard in Resources */,
				6823DE9A1CAB6FB900CC6572 /* Me.storyboard in Resources */,
				6823DE961CAB6FA300CC6572 /* Contact.storyboard in Resources */,
				6823DE941CAB6F8E00CC6572 /* Message.storyboard in Resources */,
				6862A91A1C98F1B000DE91B6 /* Main.storyboard in Resources */,
			);
			runOnlyForDeploymentPostprocessing = 0;
		};
/* End PBXResourcesBuildPhase section */

/* Begin PBXSourcesBuildPhase section */
		6862A8F61C98F16700DE91B6 /* Sources */ = {
			isa = PBXSourcesBuildPhase;
			buildActionMask = 2147483647;
			files = (
				680B84E61CACEE9D00309A33 /* MeHeadTCell.swift in Sources */,
				6823DE921CAB659D00CC6572 /* MeVc.swift in Sources */,
				6839B0571CAE52020021DEFF /* FirstLunchVc.swift in Sources */,
				6862A93D1C98F36000DE91B6 /* TabBarController.swift in Sources */,
				6862A93F1C98F37200DE91B6 /* NavigationController.swift in Sources */,
				6823DE8C1CAB656800CC6572 /* MessageVc.swift in Sources */,
				6823DE901CAB659300CC6572 /* DiscoveryVc.swift in Sources */,
				685DDFAE1CABD41100FED49A /* TimelineMoreButton.swift in Sources */,
				680B84E91CACF6DF00309A33 /* PersonalInfoVc.swift in Sources */,
				6862A91B1C98F1B000DE91B6 /* ViewController.swift in Sources */,
				685DDFA91CABA8FB00FED49A /* DiscoveryVcTCell.swift in Sources */,
				685DDFAC1CABB61600FED49A /* TimelineVc.swift in Sources */,
				6862A9161C98F1B000DE91B6 /* AppDelegate.swift in Sources */,
				6823DE8E1CAB658100CC6572 /* ContactVc.swift in Sources */,
			);
			runOnlyForDeploymentPostprocessing = 0;
		};
/* End PBXSourcesBuildPhase section */

/* Begin XCBuildConfiguration section */
		6862A90A1C98F16700DE91B6 /* Debug */ = {
			isa = XCBuildConfiguration;
			buildSettings = {
				ALWAYS_SEARCH_USER_PATHS = NO;
				CLANG_CXX_LANGUAGE_STANDARD = "gnu++0x";
				CLANG_CXX_LIBRARY = "libc++";
				CLANG_ENABLE_MODULES = YES;
				CLANG_ENABLE_OBJC_ARC = YES;
				CLANG_WARN_BOOL_CONVERSION = YES;
				CLANG_WARN_CONSTANT_CONVERSION = YES;
				CLANG_WARN_DIRECT_OBJC_ISA_USAGE = YES_ERROR;
				CLANG_WARN_EMPTY_BODY = YES;
				CLANG_WARN_ENUM_CONVERSION = YES;
				CLANG_WARN_INT_CONVERSION = YES;
				CLANG_WARN_OBJC_ROOT_CLASS = YES_ERROR;
				CLANG_WARN_UNREACHABLE_CODE = YES;
				CLANG_WARN__DUPLICATE_METHOD_MATCH = YES;
				"CODE_SIGN_IDENTITY[sdk=iphoneos*]" = "iPhone Developer";
				COPY_PHASE_STRIP = NO;
				DEBUG_INFORMATION_FORMAT = dwarf;
				ENABLE_STRICT_OBJC_MSGSEND = YES;
				ENABLE_TESTABILITY = YES;
				GCC_C_LANGUAGE_STANDARD = gnu99;
				GCC_DYNAMIC_NO_PIC = NO;
				GCC_NO_COMMON_BLOCKS = YES;
				GCC_OPTIMIZATION_LEVEL = 0;
				GCC_PREPROCESSOR_DEFINITIONS = (
					"DEBUG=1",
					"$(inherited)",
				);
				GCC_WARN_64_TO_32_BIT_CONVERSION = YES;
				GCC_WARN_ABOUT_RETURN_TYPE = YES_ERROR;
				GCC_WARN_UNDECLARED_SELECTOR = YES;
				GCC_WARN_UNINITIALIZED_AUTOS = YES_AGGRESSIVE;
				GCC_WARN_UNUSED_FUNCTION = YES;
				GCC_WARN_UNUSED_VARIABLE = YES;
				IPHONEOS_DEPLOYMENT_TARGET = 9.2;
				MTL_ENABLE_DEBUG_INFO = YES;
				ONLY_ACTIVE_ARCH = YES;
				SDKROOT = iphoneos;
				SWIFT_OPTIMIZATION_LEVEL = "-Onone";
			};
			name = Debug;
		};
		6862A90B1C98F16700DE91B6 /* Release */ = {
			isa = XCBuildConfiguration;
			buildSettings = {
				ALWAYS_SEARCH_USER_PATHS = NO;
				CLANG_CXX_LANGUAGE_STANDARD = "gnu++0x";
				CLANG_CXX_LIBRARY = "libc++";
				CLANG_ENABLE_MODULES = YES;
				CLANG_ENABLE_OBJC_ARC = YES;
				CLANG_WARN_BOOL_CONVERSION = YES;
				CLANG_WARN_CONSTANT_CONVERSION = YES;
				CLANG_WARN_DIRECT_OBJC_ISA_USAGE = YES_ERROR;
				CLANG_WARN_EMPTY_BODY = YES;
				CLANG_WARN_ENUM_CONVERSION = YES;
				CLANG_WARN_INT_CONVERSION = YES;
				CLANG_WARN_OBJC_ROOT_CLASS = YES_ERROR;
				CLANG_WARN_UNREACHABLE_CODE = YES;
				CLANG_WARN__DUPLICATE_METHOD_MATCH = YES;
				"CODE_SIGN_IDENTITY[sdk=iphoneos*]" = "iPhone Developer";
				COPY_PHASE_STRIP = NO;
				DEBUG_INFORMATION_FORMAT = "dwarf-with-dsym";
				ENABLE_NS_ASSERTIONS = NO;
				ENABLE_STRICT_OBJC_MSGSEND = YES;
				GCC_C_LANGUAGE_STANDARD = gnu99;
				GCC_NO_COMMON_BLOCKS = YES;
				GCC_WARN_64_TO_32_BIT_CONVERSION = YES;
				GCC_WARN_ABOUT_RETURN_TYPE = YES_ERROR;
				GCC_WARN_UNDECLARED_SELECTOR = YES;
				GCC_WARN_UNINITIALIZED_AUTOS = YES_AGGRESSIVE;
				GCC_WARN_UNUSED_FUNCTION = YES;
				GCC_WARN_UNUSED_VARIABLE = YES;
				IPHONEOS_DEPLOYMENT_TARGET = 9.2;
				MTL_ENABLE_DEBUG_INFO = NO;
				SDKROOT = iphoneos;
				VALIDATE_PRODUCT = YES;
			};
			name = Release;
		};
		6862A90D1C98F16700DE91B6 /* Debug */ = {
			isa = XCBuildConfiguration;
			buildSettings = {
				ASSETCATALOG_COMPILER_APPICON_NAME = AppIcon;
				ASSETCATALOG_COMPILER_LAUNCHIMAGE_NAME = LaunchImage;
				INFOPLIST_FILE = "$(SRCROOT)/TCWeChat/Main/Info.plist";
				IPHONEOS_DEPLOYMENT_TARGET = 8.0;
				LD_RUNPATH_SEARCH_PATHS = "$(inherited) @executable_path/Frameworks";
				PRODUCT_BUNDLE_IDENTIFIER = com.ctc.TCWeChat;
				PRODUCT_NAME = "$(TARGET_NAME)";
			};
			name = Debug;
		};
		6862A90E1C98F16700DE91B6 /* Release */ = {
			isa = XCBuildConfiguration;
			buildSettings = {
				ASSETCATALOG_COMPILER_APPICON_NAME = AppIcon;
				ASSETCATALOG_COMPILER_LAUNCHIMAGE_NAME = LaunchImage;
				INFOPLIST_FILE = "$(SRCROOT)/TCWeChat/Main/Info.plist";
				IPHONEOS_DEPLOYMENT_TARGET = 8.0;
				LD_RUNPATH_SEARCH_PATHS = "$(inherited) @executable_path/Frameworks";
				PRODUCT_BUNDLE_IDENTIFIER = com.ctc.TCWeChat;
				PRODUCT_NAME = "$(TARGET_NAME)";
			};
			name = Release;
		};
/* End XCBuildConfiguration section */

/* Begin XCConfigurationList section */
		6862A8F51C98F16700DE91B6 /* Build configuration list for PBXProject "TCWeChat" */ = {
			isa = XCConfigurationList;
			buildConfigurations = (
				6862A90A1C98F16700DE91B6 /* Debug */,
				6862A90B1C98F16700DE91B6 /* Release */,
			);
			defaultConfigurationIsVisible = 0;
			defaultConfigurationName = Release;
		};
		6862A90C1C98F16700DE91B6 /* Build configuration list for PBXNativeTarget "TCWeChat" */ = {
			isa = XCConfigurationList;
			buildConfigurations = (
				6862A90D1C98F16700DE91B6 /* Debug */,
				6862A90E1C98F16700DE91B6 /* Release */,
			);
			defaultConfigurationIsVisible = 0;
			defaultConfigurationName = Release;
		};
/* End XCConfigurationList section */
	};
	rootObject = 6862A8F21C98F16700DE91B6 /* Project object */;
}
